{
  "name": "duomi",
  "lockfileVersion": 2,
  "requires": true,
  "packages": {
    "": {
      "dependencies": {
        "@lucky-canvas/mini": "^0.0.7"
      }
    },
    "node_modules/@lucky-canvas/mini": {
      "version": "0.0.7",
      "resolved": "https://registry.npmjs.org/@lucky-canvas/mini/-/mini-0.0.7.tgz",
      "integrity": "sha512-xJ7vXIzxeyZrL9CmTkMMtFEqRYFpeYlMgEPZ3EkoUOi121D/pXraZx/pVqlEOVhKOfJIhGJGJTswWycyfzKbpQ==",
      "dependencies": {
        "lucky-canvas": "~1.7.24"
      }
    },
    "node_modules/lucky-canvas": {
      "version": "1.7.27",
      "resolved": "https://registry.npmjs.org/lucky-canvas/-/lucky-canvas-1.7.27.tgz",
      "integrity": "sha512-Ftz6qD+863bI7xijBmZg3dw3cNEc7odPr70EZQcGA14y3TgTAzH65HPosOCd6kKUlMwhntBaHMx3onoj9MtJRQ=="
    }
  },
  "dependencies": {
    "@lucky-canvas/mini": {
      "version": "0.0.7",
      "resolved": "https://registry.npmjs.org/@lucky-canvas/mini/-/mini-0.0.7.tgz",
      "integrity": "sha512-xJ7vXIzxeyZrL9CmTkMMtFEqRYFpeYlMgEPZ3EkoUOi121D/pXraZx/pVqlEOVhKOfJIhGJGJTswWycyfzKbpQ==",
      "requires": {
        "lucky-canvas": "~1.7.24"
      }
    },
    "lucky-canvas": {
      "version": "1.7.27",
      "resolved": "https://registry.npmjs.org/lucky-canvas/-/lucky-canvas-1.7.27.tgz",
      "integrity": "sha512-Ftz6qD+863bI7xijBmZg3dw3cNEc7odPr70EZQcGA14y3TgTAzH65HPosOCd6kKUlMwhntBaHMx3onoj9MtJRQ=="
    }
  }
}
